// !$*UTF8*$!
{
	archiveVersion = 1;
	classes = {
	};
	objectVersion = 56;
	objects = {

/* Begin PBXBuildFile section */
		B358C29D299F818A0058D329 /* InviteCollectionViewCell.m in Sources */ = {isa = PBXBuildFile; fileRef = B358C29B299F818A0058D329 /* InviteCollectionViewCell.m */; };
		B358C29E299F818A0058D329 /* InviteCollectionViewCell.xib in Resources */ = {isa = PBXBuildFile; fileRef = B358C29C299F818A0058D329 /* InviteCollectionViewCell.xib */; };
		B358C2A9299F85E90058D329 /* TabbarController.m in Sources */ = {isa = PBXBuildFile; fileRef = B358C2A8299F85E90058D329 /* TabbarController.m */; };
		B358C2AE299F86AA0058D329 /* FriendsViewController.m in Sources */ = {isa = PBXBuildFile; fileRef = B358C2AC299F86AA0058D329 /* FriendsViewController.m */; };
		B358C2AF299F86AA0058D329 /* FriendsViewController.xib in Resources */ = {isa = PBXBuildFile; fileRef = B358C2AD299F86AA0058D329 /* FriendsViewController.xib */; };
		B358C2B3299F86E10058D329 /* EmptyViewController.m in Sources */ = {isa = PBXBuildFile; fileRef = B358C2B1299F86E10058D329 /* EmptyViewController.m */; };
		B358C2B4299F86E10058D329 /* EmptyViewController.xib in Resources */ = {isa = PBXBuildFile; fileRef = B358C2B2299F86E10058D329 /* EmptyViewController.xib */; };
		B358C2B8299FC40F0058D329 /* FirstpageViewController.m in Sources */ = {isa = PBXBuildFile; fileRef = B358C2B6299FC40F0058D329 /* FirstpageViewController.m */; };
		B358C2B9299FC40F0058D329 /* FirstpageViewController.xib in Resources */ = {isa = PBXBuildFile; fileRef = B358C2B7299FC40F0058D329 /* FirstpageViewController.xib */; };
		B358C2BD29A059300058D329 /* MenuCollectionViewCell.m in Sources */ = {isa = PBXBuildFile; fileRef = B358C2BB29A059300058D329 /* MenuCollectionViewCell.m */; };
		B358C2BE29A059300058D329 /* MenuCollectionViewCell.xib in Resources */ = {isa = PBXBuildFile; fileRef = B358C2BC29A059300058D329 /* MenuCollectionViewCell.xib */; };
		B358C2C229A09C690058D329 /* FriendStatusTableViewCell.m in Sources */ = {isa = PBXBuildFile; fileRef = B358C2C029A09C690058D329 /* FriendStatusTableViewCell.m */; };
		B358C2C329A09C690058D329 /* FriendStatusTableViewCell.xib in Resources */ = {isa = PBXBuildFile; fileRef = B358C2C129A09C690058D329 /* FriendStatusTableViewCell.xib */; };
		B3945635299E11B5003A6F7A /* AppDelegate.m in Sources */ = {isa = PBXBuildFile; fileRef = B3945634299E11B5003A6F7A /* AppDelegate.m */; };
		B3945641299E11B5003A6F7A /* CUB_interview.xcdatamodeld in Sources */ = {isa = PBXBuildFile; fileRef = B394563F299E11B5003A6F7A /* CUB_interview.xcdatamodeld */; };
		B3945643299E11B6003A6F7A /* Assets.xcassets in Resources */ = {isa = PBXBuildFile; fileRef = B3945642299E11B6003A6F7A /* Assets.xcassets */; };
		B3945646299E11B6003A6F7A /* LaunchScreen.storyboard in Resources */ = {isa = PBXBuildFile; fileRef = B3945644299E11B6003A6F7A /* LaunchScreen.storyboard */; };
		B3945649299E11B6003A6F7A /* main.m in Sources */ = {isa = PBXBuildFile; fileRef = B3945648299E11B6003A6F7A /* main.m */; };
/* End PBXBuildFile section */

/* Begin PBXFileReference section */
		B358C29A299F818A0058D329 /* InviteCollectionViewCell.h */ = {isa = PBXFileReference; lastKnownFileType = sourcecode.c.h; path = InviteCollectionViewCell.h; sourceTree = "<group>"; };
		B358C29B299F818A0058D329 /* InviteCollectionViewCell.m */ = {isa = PBXFileReference; lastKnownFileType = sourcecode.c.objc; path = InviteCollectionViewCell.m; sourceTree = "<group>"; };
		B358C29C299F818A0058D329 /* InviteCollectionViewCell.xib */ = {isa = PBXFileReference; lastKnownFileType = file.xib; path = InviteCollectionViewCell.xib; sourceTree = "<group>"; };
		B358C2A7299F85E90058D329 /* TabbarController.h */ = {isa = PBXFileReference; lastKnownFileType = sourcecode.c.h; path = TabbarController.h; sourceTree = "<group>"; };
		B358C2A8299F85E90058D329 /* TabbarController.m */ = {isa = PBXFileReference; lastKnownFileType = sourcecode.c.objc; path = TabbarController.m; sourceTree = "<group>"; };
		B358C2AB299F86AA0058D329 /* FriendsViewController.h */ = {isa = PBXFileReference; lastKnownFileType = sourcecode.c.h; path = FriendsViewController.h; sourceTree = "<group>"; };
		B358C2AC299F86AA0058D329 /* FriendsViewController.m */ = {isa = PBXFileReference; lastKnownFileType = sourcecode.c.objc; path = FriendsViewController.m; sourceTree = "<group>"; };
		B358C2AD299F86AA0058D329 /* FriendsViewController.xib */ = {isa = PBXFileReference; lastKnownFileType = file.xib; path = FriendsViewController.xib; sourceTree = "<group>"; };
		B358C2B0299F86E10058D329 /* EmptyViewController.h */ = {isa = PBXFileReference; lastKnownFileType = sourcecode.c.h; path = EmptyViewController.h; sourceTree = "<group>"; };
		B358C2B1299F86E10058D329 /* EmptyViewController.m */ = {isa = PBXFileReference; lastKnownFileType = sourcecode.c.objc; path = EmptyViewController.m; sourceTree = "<group>"; };
		B358C2B2299F86E10058D329 /* EmptyViewController.xib */ = {isa = PBXFileReference; lastKnownFileType = file.xib; path = EmptyViewController.xib; sourceTree = "<group>"; };
		B358C2B5299FC40F0058D329 /* FirstpageViewController.h */ = {isa = PBXFileReference; lastKnownFileType = sourcecode.c.h; path = FirstpageViewController.h; sourceTree = "<group>"; };
		B358C2B6299FC40F0058D329 /* FirstpageViewController.m */ = {isa = PBXFileReference; lastKnownFileType = sourcecode.c.objc; path = FirstpageViewController.m; sourceTree = "<group>"; };
		B358C2B7299FC40F0058D329 /* FirstpageViewController.xib */ = {isa = PBXFileReference; lastKnownFileType = file.xib; path = FirstpageViewController.xib; sourceTree = "<group>"; };
		B358C2BA29A059300058D329 /* MenuCollectionViewCell.h */ = {isa = PBXFileReference; lastKnownFileType = sourcecode.c.h; path = MenuCollectionViewCell.h; sourceTree = "<group>"; };
		B358C2BB29A059300058D329 /* MenuCollectionViewCell.m */ = {isa = PBXFileReference; lastKnownFileType = sourcecode.c.objc; path = MenuCollectionViewCell.m; sourceTree = "<group>"; };
		B358C2BC29A059300058D329 /* MenuCollectionViewCell.xib */ = {isa = PBXFileReference; lastKnownFileType = file.xib; path = MenuCollectionViewCell.xib; sourceTree = "<group>"; };
		B358C2BF29A09C690058D329 /* FriendStatusTableViewCell.h */ = {isa = PBXFileReference; lastKnownFileType = sourcecode.c.h; path = FriendStatusTableViewCell.h; sourceTree = "<group>"; };
		B358C2C029A09C690058D329 /* FriendStatusTableViewCell.m */ = {isa = PBXFileReference; lastKnownFileType = sourcecode.c.objc; path = FriendStatusTableViewCell.m; sourceTree = "<group>"; };
		B358C2C129A09C690058D329 /* FriendStatusTableViewCell.xib */ = {isa = PBXFileReference; lastKnownFileType = file.xib; path = FriendStatusTableViewCell.xib; sourceTree = "<group>"; };
		B358C2C529A123040058D329 /* DefineHeader.h */ = {isa = PBXFileReference; lastKnownFileType = sourcecode.c.h; path = DefineHeader.h; sourceTree = "<group>"; };
		B3945630299E11B5003A6F7A /* CUB_interview.app */ = {isa = PBXFileReference; explicitFileType = wrapper.application; includeInIndex = 0; path = CUB_interview.app; sourceTree = BUILT_PRODUCTS_DIR; };
		B3945633299E11B5003A6F7A /* AppDelegate.h */ = {isa = PBXFileReference; lastKnownFileType = sourcecode.c.h; path = AppDelegate.h; sourceTree = "<group>"; };
		B3945634299E11B5003A6F7A /* AppDelegate.m */ = {isa = PBXFileReference; lastKnownFileType = sourcecode.c.objc; path = AppDelegate.m; sourceTree = "<group>"; };
		B3945640299E11B5003A6F7A /* CUB_interview.xcdatamodel */ = {isa = PBXFileReference; lastKnownFileType = wrapper.xcdatamodel; path = CUB_interview.xcdatamodel; sourceTree = "<group>"; };
		B3945642299E11B6003A6F7A /* Assets.xcassets */ = {isa = PBXFileReference; lastKnownFileType = folder.assetcatalog; path = Assets.xcassets; sourceTree = "<group>"; };
		B3945645299E11B6003A6F7A /* Base */ = {isa = PBXFileReference; lastKnownFileType = file.storyboard; name = Base; path = Base.lproj/LaunchScreen.storyboard; sourceTree = "<group>"; };
		B3945647299E11B6003A6F7A /* Info.plist */ = {isa = PBXFileReference; lastKnownFileType = text.plist.xml; path = Info.plist; sourceTree = "<group>"; };
		B3945648299E11B6003A6F7A /* main.m */ = {isa = PBXFileReference; lastKnownFileType = sourcecode.c.objc; path = main.m; sourceTree = "<group>"; };
/* End PBXFileReference section */

/* Begin PBXFrameworksBuildPhase section */
		B394562D299E11B5003A6F7A /* Frameworks */ = {
			isa = PBXFrameworksBuildPhase;
			buildActionMask = 2147483647;
			files = (
			);
			runOnlyForDeploymentPostprocessing = 0;
		};
/* End PBXFrameworksBuildPhase section */

/* Begin PBXGroup section */
		B358C286299F75110058D329 /* CustomCell */ = {
			isa = PBXGroup;
			children = (
				B358C2BF29A09C690058D329 /* FriendStatusTableViewCell.h */,
				B358C2C029A09C690058D329 /* FriendStatusTableViewCell.m */,
				B358C2C129A09C690058D329 /* FriendStatusTableViewCell.xib */,
				B358C29A299F818A0058D329 /* InviteCollectionViewCell.h */,
				B358C29B299F818A0058D329 /* InviteCollectionViewCell.m */,
				B358C29C299F818A0058D329 /* InviteCollectionViewCell.xib */,
				B358C2BA29A059300058D329 /* MenuCollectionViewCell.h */,
				B358C2BB29A059300058D329 /* MenuCollectionViewCell.m */,
				B358C2BC29A059300058D329 /* MenuCollectionViewCell.xib */,
			);
			path = CustomCell;
			sourceTree = "<group>";
		};
		B358C29F299F83F80058D329 /* TabbarController */ = {
			isa = PBXGroup;
			children = (
				B358C2A7299F85E90058D329 /* TabbarController.h */,
				B358C2A8299F85E90058D329 /* TabbarController.m */,
			);
			path = TabbarController;
			sourceTree = "<group>";
		};
		B358C2AA299F868A0058D329 /* ViewControllers */ = {
			isa = PBXGroup;
			children = (
				B358C2B0299F86E10058D329 /* EmptyViewController.h */,
				B358C2B1299F86E10058D329 /* EmptyViewController.m */,
				B358C2B2299F86E10058D329 /* EmptyViewController.xib */,
				B358C2B5299FC40F0058D329 /* FirstpageViewController.h */,
				B358C2B6299FC40F0058D329 /* FirstpageViewController.m */,
				B358C2B7299FC40F0058D329 /* FirstpageViewController.xib */,
				B358C2AB299F86AA0058D329 /* FriendsViewController.h */,
				B358C2AC299F86AA0058D329 /* FriendsViewController.m */,
				B358C2AD299F86AA0058D329 /* FriendsViewController.xib */,
			);
			path = ViewControllers;
			sourceTree = "<group>";
		};
		B358C2C429A122CF0058D329 /* SupportFiles */ = {
			isa = PBXGroup;
			children = (
				B358C2C529A123040058D329 /* DefineHeader.h */,
			);
			path = SupportFiles;
			sourceTree = "<group>";
		};
		B3945627299E11B5003A6F7A = {
			isa = PBXGroup;
			children = (
				B3945632299E11B5003A6F7A /* CUB_interview */,
				B3945631299E11B5003A6F7A /* Products */,
			);
			sourceTree = "<group>";
		};
		B3945631299E11B5003A6F7A /* Products */ = {
			isa = PBXGroup;
			children = (
				B3945630299E11B5003A6F7A /* CUB_interview.app */,
			);
			name = Products;
			sourceTree = "<group>";
		};
		B3945632299E11B5003A6F7A /* CUB_interview */ = {
			isa = PBXGroup;
			children = (
				B358C2C429A122CF0058D329 /* SupportFiles */,
				B358C286299F75110058D329 /* CustomCell */,
				B358C29F299F83F80058D329 /* TabbarController */,
				B358C2AA299F868A0058D329 /* ViewControllers */,
				B3945633299E11B5003A6F7A /* AppDelegate.h */,
				B3945634299E11B5003A6F7A /* AppDelegate.m */,
				B3945642299E11B6003A6F7A /* Assets.xcassets */,
				B3945644299E11B6003A6F7A /* LaunchScreen.storyboard */,
				B3945647299E11B6003A6F7A /* Info.plist */,
				B3945648299E11B6003A6F7A /* main.m */,
				B394563F299E11B5003A6F7A /* CUB_interview.xcdatamodeld */,
			);
			path = CUB_interview;
			sourceTree = "<group>";
		};
/* End PBXGroup section */

/* Begin PBXNativeTarget section */
		B394562F299E11B5003A6F7A /* CUB_interview */ = {
			isa = PBXNativeTarget;
			buildConfigurationList = B394564C299E11B6003A6F7A /* Build configuration list for PBXNativeTarget "CUB_interview" */;
			buildPhases = (
				B394562C299E11B5003A6F7A /* Sources */,
				B394562D299E11B5003A6F7A /* Frameworks */,
				B394562E299E11B5003A6F7A /* Resources */,
			);
			buildRules = (
			);
			dependencies = (
			);
			name = CUB_interview;
			productName = CUB_interview;
			productReference = B3945630299E11B5003A6F7A /* CUB_interview.app */;
			productType = "com.apple.product-type.application";
		};
/* End PBXNativeTarget section */

/* Begin PBXProject section */
		B3945628299E11B5003A6F7A /* Project object */ = {
			isa = PBXProject;
			attributes = {
				BuildIndependentTargetsInParallel = 1;
				LastUpgradeCheck = 1420;
				TargetAttributes = {
					B394562F299E11B5003A6F7A = {
						CreatedOnToolsVersion = 14.2;
					};
				};
			};
			buildConfigurationList = B394562B299E11B5003A6F7A /* Build configuration list for PBXProject "CUB_interview" */;
			compatibilityVersion = "Xcode 14.0";
			developmentRegion = en;
			hasScannedForEncodings = 0;
			knownRegions = (
				en,
				Base,
			);
			mainGroup = B3945627299E11B5003A6F7A;
			productRefGroup = B3945631299E11B5003A6F7A /* Products */;
			projectDirPath = "";
			projectRoot = "";
			targets = (
				B394562F299E11B5003A6F7A /* CUB_interview */,
			);
		};
/* End PBXProject section */

/* Begin PBXResourcesBuildPhase section */
		B394562E299E11B5003A6F7A /* Resources */ = {
			isa = PBXResourcesBuildPhase;
			buildActionMask = 2147483647;
			files = (
				B358C29E299F818A0058D329 /* InviteCollectionViewCell.xib in Resources */,
				B358C2B4299F86E10058D329 /* EmptyViewController.xib in Resources */,
				B358C2B9299FC40F0058D329 /* FirstpageViewController.xib in Resources */,
				B358C2AF299F86AA0058D329 /* FriendsViewController.xib in Resources */,
				B3945646299E11B6003A6F7A /* LaunchScreen.storyboard in Resources */,
				B3945643299E11B6003A6F7A /* Assets.xcassets in Resources */,
				B358C2BE29A059300058D329 /* MenuCollectionViewCell.xib in Resources */,
				B358C2C329A09C690058D329 /* FriendStatusTableViewCell.xib in Resources */,
			);
			runOnlyForDeploymentPostprocessing = 0;
		};
/* End PBXResourcesBuildPhase section */

/* Begin PBXSourcesBuildPhase section */
		B394562C299E11B5003A6F7A /* Sources */ = {
			isa = PBXSourcesBuildPhase;
			buildActionMask = 2147483647;
			files = (
				B358C2C229A09C690058D329 /* FriendStatusTableViewCell.m in Sources */,
				B358C2BD29A059300058D329 /* MenuCollectionViewCell.m in Sources */,
				B3945649299E11B6003A6F7A /* main.m in Sources */,
				B3945641299E11B5003A6F7A /* CUB_interview.xcdatamodeld in Sources */,
				B358C2AE299F86AA0058D329 /* FriendsViewController.m in Sources */,
				B358C2B8299FC40F0058D329 /* FirstpageViewController.m in Sources */,
				B3945635299E11B5003A6F7A /* AppDelegate.m in Sources */,
				B358C29D299F818A0058D329 /* InviteCollectionViewCell.m in Sources */,
				B358C2B3299F86E10058D329 /* EmptyViewController.m in Sources */,
				B358C2A9299F85E90058D329 /* TabbarController.m in Sources */,
			);
			runOnlyForDeploymentPostprocessing = 0;
		};
/* End PBXSourcesBuildPhase section */

/* Begin PBXVariantGroup section */
		B3945644299E11B6003A6F7A /* LaunchScreen.storyboard */ = {
			isa = PBXVariantGroup;
			children = (
				B3945645299E11B6003A6F7A /* Base */,
			);
			name = LaunchScreen.storyboard;
			sourceTree = "<group>";
		};
/* End PBXVariantGroup section */

/* Begin XCBuildConfiguration section */
		B394564A299E11B6003A6F7A /* Debug */ = {
			isa = XCBuildConfiguration;
			buildSettings = {
				ALWAYS_SEARCH_USER_PATHS = NO;
				CLANG_ANALYZER_NONNULL = YES;
				CLANG_ANALYZER_NUMBER_OBJECT_CONVERSION = YES_AGGRESSIVE;
				CLANG_CXX_LANGUAGE_STANDARD = "gnu++20";
				CLANG_ENABLE_MODULES = YES;
				CLANG_ENABLE_OBJC_ARC = YES;
				CLANG_ENABLE_OBJC_WEAK = YES;
				CLANG_WARN_BLOCK_CAPTURE_AUTORELEASING = YES;
				CLANG_WARN_BOOL_CONVERSION = YES;
				CLANG_WARN_COMMA = YES;
				CLANG_WARN_CONSTANT_CONVERSION = YES;
				CLANG_WARN_DEPRECATED_OBJC_IMPLEMENTATIONS = YES;
				CLANG_WARN_DIRECT_OBJC_ISA_USAGE = YES_ERROR;
				CLANG_WARN_DOCUMENTATION_COMMENTS = YES;
				CLANG_WARN_EMPTY_BODY = YES;
				CLANG_WARN_ENUM_CONVERSION = YES;
				CLANG_WARN_INFINITE_RECURSION = YES;
				CLANG_WARN_INT_CONVERSION = YES;
				CLANG_WARN_NON_LITERAL_NULL_CONVERSION = YES;
				CLANG_WARN_OBJC_IMPLICIT_RETAIN_SELF = YES;
				CLANG_WARN_OBJC_LITERAL_CONVERSION = YES;
				CLANG_WARN_OBJC_ROOT_CLASS = YES_ERROR;
				CLANG_WARN_QUOTED_INCLUDE_IN_FRAMEWORK_HEADER = YES;
				CLANG_WARN_RANGE_LOOP_ANALYSIS = YES;
				CLANG_WARN_STRICT_PROTOTYPES = YES;
				CLANG_WARN_SUSPICIOUS_MOVE = YES;
				CLANG_WARN_UNGUARDED_AVAILABILITY = YES_AGGRESSIVE;
				CLANG_WARN_UNREACHABLE_CODE = YES;
				CLANG_WARN__DUPLICATE_METHOD_MATCH = YES;
				COPY_PHASE_STRIP = NO;
				DEBUG_INFORMATION_FORMAT = dwarf;
				ENABLE_STRICT_OBJC_MSGSEND = YES;
				ENABLE_TESTABILITY = YES;
				GCC_C_LANGUAGE_STANDARD = gnu11;
				GCC_DYNAMIC_NO_PIC = NO;
				GCC_NO_COMMON_BLOCKS = YES;
				GCC_OPTIMIZATION_LEVEL = 0;
				GCC_PREPROCESSOR_DEFINITIONS = (
					"DEBUG=1",
					"$(inherited)",
				);
				GCC_WARN_64_TO_32_BIT_CONVERSION = YES;
				GCC_WARN_ABOUT_RETURN_TYPE = YES_ERROR;
				GCC_WARN_UNDECLARED_SELECTOR = YES;
				GCC_WARN_UNINITIALIZED_AUTOS = YES_AGGRESSIVE;
				GCC_WARN_UNUSED_FUNCTION = YES;
				GCC_WARN_UNUSED_VARIABLE = YES;
				IPHONEOS_DEPLOYMENT_TARGET = 16.2;
				MTL_ENABLE_DEBUG_INFO = INCLUDE_SOURCE;
				MTL_FAST_MATH = YES;
				ONLY_ACTIVE_ARCH = YES;
				SDKROOT = iphoneos;
			};
			name = Debug;
		};
		B394564B299E11B6003A6F7A /* Release */ = {
			isa = XCBuildConfiguration;
			buildSettings = {
				ALWAYS_SEARCH_USER_PATHS = NO;
				CLANG_ANALYZER_NONNULL = YES;
				CLANG_ANALYZER_NUMBER_OBJECT_CONVERSION = YES_AGGRESSIVE;
				CLANG_CXX_LANGUAGE_STANDARD = "gnu++20";
				CLANG_ENABLE_MODULES = YES;
				CLANG_ENABLE_OBJC_ARC = YES;
				CLANG_ENABLE_OBJC_WEAK = YES;
				CLANG_WARN_BLOCK_CAPTURE_AUTORELEASING = YES;
				CLANG_WARN_BOOL_CONVERSION = YES;
				CLANG_WARN_COMMA = YES;
				CLANG_WARN_CONSTANT_CONVERSION = YES;
				CLANG_WARN_DEPRECATED_OBJC_IMPLEMENTATIONS = YES;
				CLANG_WARN_DIRECT_OBJC_ISA_USAGE = YES_ERROR;
				CLANG_WARN_DOCUMENTATION_COMMENTS = YES;
				CLANG_WARN_EMPTY_BODY = YES;
				CLANG_WARN_ENUM_CONVERSION = YES;
				CLANG_WARN_INFINITE_RECURSION = YES;
				CLANG_WARN_INT_CONVERSION = YES;
				CLANG_WARN_NON_LITERAL_NULL_CONVERSION = YES;
				CLANG_WARN_OBJC_IMPLICIT_RETAIN_SELF = YES;
				CLANG_WARN_OBJC_LITERAL_CONVERSION = YES;
				CLANG_WARN_OBJC_ROOT_CLASS = YES_ERROR;
				CLANG_WARN_QUOTED_INCLUDE_IN_FRAMEWORK_HEADER = YES;
				CLANG_WARN_RANGE_LOOP_ANALYSIS = YES;
				CLANG_WARN_STRICT_PROTOTYPES = YES;
				CLANG_WARN_SUSPICIOUS_MOVE = YES;
				CLANG_WARN_UNGUARDED_AVAILABILITY = YES_AGGRESSIVE;
				CLANG_WARN_UNREACHABLE_CODE = YES;
				CLANG_WARN__DUPLICATE_METHOD_MATCH = YES;
				COPY_PHASE_STRIP = NO;
				DEBUG_INFORMATION_FORMAT = "dwarf-with-dsym";
				ENABLE_NS_ASSERTIONS = NO;
				ENABLE_STRICT_OBJC_MSGSEND = YES;
				GCC_C_LANGUAGE_STANDARD = gnu11;
				GCC_NO_COMMON_BLOCKS = YES;
				GCC_WARN_64_TO_32_BIT_CONVERSION = YES;
				GCC_WARN_ABOUT_RETURN_TYPE = YES_ERROR;
				GCC_WARN_UNDECLARED_SELECTOR = YES;
				GCC_WARN_UNINITIALIZED_AUTOS = YES_AGGRESSIVE;
				GCC_WARN_UNUSED_FUNCTION = YES;
				GCC_WARN_UNUSED_VARIABLE = YES;
				IPHONEOS_DEPLOYMENT_TARGET = 16.2;
				MTL_ENABLE_DEBUG_INFO = NO;
				MTL_FAST_MATH = YES;
				SDKROOT = iphoneos;
				VALIDATE_PRODUCT = YES;
			};
			name = Release;
		};
		B394564D299E11B6003A6F7A /* Debug */ = {
			isa = XCBuildConfiguration;
			buildSettings = {
				ASSETCATALOG_COMPILER_APPICON_NAME = AppIcon;
				ASSETCATALOG_COMPILER_GLOBAL_ACCENT_COLOR_NAME = AccentColor;
				CODE_SIGN_STYLE = Automatic;
				CURRENT_PROJECT_VERSION = 1;
				DEVELOPMENT_TEAM = CXJM5PNN5C;
				GENERATE_INFOPLIST_FILE = YES;
				INFOPLIST_FILE = CUB_interview/Info.plist;
				INFOPLIST_KEY_UIApplicationSupportsIndirectInputEvents = YES;
				INFOPLIST_KEY_UILaunchStoryboardName = LaunchScreen;
				INFOPLIST_KEY_UIMainStoryboardFile = "";
				INFOPLIST_KEY_UISupportedInterfaceOrientations_iPad = "UIInterfaceOrientationPortrait UIInterfaceOrientationPortraitUpsideDown UIInterfaceOrientationLandscapeLeft UIInterfaceOrientationLandscapeRight";
				INFOPLIST_KEY_UISupportedInterfaceOrientations_iPhone = "UIInterfaceOrientationPortrait UIInterfaceOrientationLandscapeLeft UIInterfaceOrientationLandscapeRight";
				LD_RUNPATH_SEARCH_PATHS = (
					"$(inherited)",
					"@executable_path/Frameworks",
				);
				MARKETING_VERSION = 1.0;
				PRODUCT_BUNDLE_IDENTIFIER = "com.leo.CUB-interview";
				PRODUCT_NAME = "$(TARGET_NAME)";
				SWIFT_EMIT_LOC_STRINGS = YES;
				TARGETED_DEVICE_FAMILY = "1,2";
			};
			name = Debug;
		};
		B394564E299E11B6003A6F7A /* Release */ = {
			isa = XCBuildConfiguration;
			buildSettings = {
				ASSETCATALOG_COMPILER_APPICON_NAME = AppIcon;
				ASSETCATALOG_COMPILER_GLOBAL_ACCENT_COLOR_NAME = AccentColor;
				CODE_SIGN_STYLE = Automatic;
				CURRENT_PROJECT_VERSION = 1;
				DEVELOPMENT_TEAM = CXJM5PNN5C;
				GENERATE_INFOPLIST_FILE = YES;
				INFOPLIST_FILE = CUB_interview/Info.plist;
				INFOPLIST_KEY_UIApplicationSupportsIndirectInputEvents = YES;
				INFOPLIST_KEY_UILaunchStoryboardName = LaunchScreen;
				INFOPLIST_KEY_UIMainStoryboardFile = "";
				INFOPLIST_KEY_UISupportedInterfaceOrientations_iPad = "UIInterfaceOrientationPortrait UIInterfaceOrientationPortraitUpsideDown UIInterfaceOrientationLandscapeLeft UIInterfaceOrientationLandscapeRight";
				INFOPLIST_KEY_UISupportedInterfaceOrientations_iPhone = "UIInterfaceOrientationPortrait UIInterfaceOrientationLandscapeLeft UIInterfaceOrientationLandscapeRight";
				LD_RUNPATH_SEARCH_PATHS = (
					"$(inherited)",
					"@executable_path/Frameworks",
				);
				MARKETING_VERSION = 1.0;
				PRODUCT_BUNDLE_IDENTIFIER = "com.leo.CUB-interview";
				PRODUCT_NAME = "$(TARGET_NAME)";
				SWIFT_EMIT_LOC_STRINGS = YES;
				TARGETED_DEVICE_FAMILY = "1,2";
			};
			name = Release;
		};
/* End XCBuildConfiguration section */

/* Begin XCConfigurationList section */
		B394562B299E11B5003A6F7A /* Build configuration list for PBXProject "CUB_interview" */ = {
			isa = XCConfigurationList;
			buildConfigurations = (
				B394564A299E11B6003A6F7A /* Debug */,
				B394564B299E11B6003A6F7A /* Release */,
			);
			defaultConfigurationIsVisible = 0;
			defaultConfigurationName = Release;
		};
		B394564C299E11B6003A6F7A /* Build configuration list for PBXNativeTarget "CUB_interview" */ = {
			isa = XCConfigurationList;
			buildConfigurations = (
				B394564D299E11B6003A6F7A /* Debug */,
				B394564E299E11B6003A6F7A /* Release */,
			);
			defaultConfigurationIsVisible = 0;
			defaultConfigurationName = Release;
		};
/* End XCConfigurationList section */

/* Begin XCVersionGroup section */
		B394563F299E11B5003A6F7A /* CUB_interview.xcdatamodeld */ = {
			isa = XCVersionGroup;
			children = (
				B3945640299E11B5003A6F7A /* CUB_interview.xcdatamodel */,
			);
			currentVersion = B3945640299E11B5003A6F7A /* CUB_interview.xcdatamodel */;
			path = CUB_interview.xcdatamodeld;
			sourceTree = "<group>";
			versionGroupType = wrapper.xcdatamodel;
		};
/* End XCVersionGroup section */
	};
	rootObject = B3945628299E11B5003A6F7A /* Project object */;
}
